
Microsoft Visual Studio Solution File, Format Version 12.00
# Visual Studio Version 17
VisualStudioVersion = 17.14.36408.4 d17.14
MinimumVisualStudioVersion = 10.0.40219.1
Project("{FAE04EC0-301F-11D3-BF4B-00C04F79EFBC}") = "ClimateControlModuleBackEnd", "ClimateControlModuleBackEnd\ClimateControlModuleBackEnd.csproj", "{45E8D21E-40C1-4464-90FD-39D10F808F78}"
EndProject
Project("{FAE04EC0-301F-11D3-BF4B-00C04F79EFBC}") = "ClimateControlModuleFrontEnd", "ClimateControlModuleFrontEnd\ClimateControlModuleFrontEnd.csproj", "{73449224-2D4B-4415-8CE2-52922F041ACC}"
EndProject
Project("{2150E333-8FDC-42A3-9474-1A3956D46DE8}") = "Core", "Core", "{02EA681E-C7D8-13C7-8484-4AC65E1B71E8}"
EndProject
Project("{FAE04EC0-301F-11D3-BF4B-00C04F79EFBC}") = "DTO", "DTO\DTO.csproj", "{B15254C8-180C-478C-B0A8-4CF89B12B8C2}"
EndProject
Project("{FAE04EC0-301F-11D3-BF4B-00C04F79EFBC}") = "Contracts", "Contracts\Contracts.csproj", "{34629ADC-738C-4913-A08C-7C2BC8026C6D}"
EndProject
Project("{FAE04EC0-301F-11D3-BF4B-00C04F79EFBC}") = "BI", "BI\BI.csproj", "{B7EE4AA1-1B42-4996-88FE-7406646C2786}"
EndProject
Global
	GlobalSection(SolutionConfigurationPlatforms) = preSolution
		Debug|Any CPU = Debug|Any CPU
		Release|Any CPU = Release|Any CPU
	EndGlobalSection
	GlobalSection(ProjectConfigurationPlatforms) = postSolution
		{45E8D21E-40C1-4464-90FD-39D10F808F78}.Debug|Any CPU.ActiveCfg = Debug|Any CPU
		{45E8D21E-40C1-4464-90FD-39D10F808F78}.Debug|Any CPU.Build.0 = Debug|Any CPU
		{45E8D21E-40C1-4464-90FD-39D10F808F78}.Release|Any CPU.ActiveCfg = Release|Any CPU
		{45E8D21E-40C1-4464-90FD-39D10F808F78}.Release|Any CPU.Build.0 = Release|Any CPU
		{73449224-2D4B-4415-8CE2-52922F041ACC}.Debug|Any CPU.ActiveCfg = Debug|Any CPU
		{73449224-2D4B-4415-8CE2-52922F041ACC}.Debug|Any CPU.Build.0 = Debug|Any CPU
		{73449224-2D4B-4415-8CE2-52922F041ACC}.Release|Any CPU.ActiveCfg = Release|Any CPU
		{73449224-2D4B-4415-8CE2-52922F041ACC}.Release|Any CPU.Build.0 = Release|Any CPU
		{B15254C8-180C-478C-B0A8-4CF89B12B8C2}.Debug|Any CPU.ActiveCfg = Debug|Any CPU
		{B15254C8-180C-478C-B0A8-4CF89B12B8C2}.Debug|Any CPU.Build.0 = Debug|Any CPU
		{B15254C8-180C-478C-B0A8-4CF89B12B8C2}.Release|Any CPU.ActiveCfg = Release|Any CPU
		{B15254C8-180C-478C-B0A8-4CF89B12B8C2}.Release|Any CPU.Build.0 = Release|Any CPU
		{34629ADC-738C-4913-A08C-7C2BC8026C6D}.Debug|Any CPU.ActiveCfg = Debug|Any CPU
		{34629ADC-738C-4913-A08C-7C2BC8026C6D}.Debug|Any CPU.Build.0 = Debug|Any CPU
		{34629ADC-738C-4913-A08C-7C2BC8026C6D}.Release|Any CPU.ActiveCfg = Release|Any CPU
		{34629ADC-738C-4913-A08C-7C2BC8026C6D}.Release|Any CPU.Build.0 = Release|Any CPU
		{B7EE4AA1-1B42-4996-88FE-7406646C2786}.Debug|Any CPU.ActiveCfg = Debug|Any CPU
		{B7EE4AA1-1B42-4996-88FE-7406646C2786}.Debug|Any CPU.Build.0 = Debug|Any CPU
		{B7EE4AA1-1B42-4996-88FE-7406646C2786}.Release|Any CPU.ActiveCfg = Release|Any CPU
		{B7EE4AA1-1B42-4996-88FE-7406646C2786}.Release|Any CPU.Build.0 = Release|Any CPU
	EndGlobalSection
	GlobalSection(SolutionProperties) = preSolution
		HideSolutionNode = FALSE
	EndGlobalSection
	GlobalSection(NestedProjects) = preSolution
		{B15254C8-180C-478C-B0A8-4CF89B12B8C2} = {02EA681E-C7D8-13C7-8484-4AC65E1B71E8}
		{34629ADC-738C-4913-A08C-7C2BC8026C6D} = {02EA681E-C7D8-13C7-8484-4AC65E1B71E8}
		{B7EE4AA1-1B42-4996-88FE-7406646C2786} = {02EA681E-C7D8-13C7-8484-4AC65E1B71E8}
	EndGlobalSection
	GlobalSection(ExtensibilityGlobals) = postSolution
		SolutionGuid = {8577C4DA-B9AC-4A60-B3A7-B59FC8959EF9}
	EndGlobalSection
EndGlobal
